// !$*UTF8*$!
{
	archiveVersion = 1;
	classes = {
	};
	objectVersion = 46;
	objects = {

/* Begin PBXBuildFile section */
		258E7DA41CBD334A00C2D50C /* PongSceneView.swift in Sources */ = {isa = PBXBuildFile; fileRef = 258E7DA31CBD334A00C2D50C /* PongSceneView.swift */; };
		258E7DA61CBD39A300C2D50C /* AngleUtils.swift in Sources */ = {isa = PBXBuildFile; fileRef = 258E7DA51CBD39A300C2D50C /* AngleUtils.swift */; };
		258E7DA81CBE6C7200C2D50C /* MenuViewController.swift in Sources */ = {isa = PBXBuildFile; fileRef = 258E7DA71CBE6C7200C2D50C /* MenuViewController.swift */; };
		258E7DAA1CBE6D3C00C2D50C /* Configuration.swift in Sources */ = {isa = PBXBuildFile; fileRef = 258E7DA91CBE6D3C00C2D50C /* Configuration.swift */; };
		258E7DAC1CBE76C900C2D50C /* ConfigViewController.swift in Sources */ = {isa = PBXBuildFile; fileRef = 258E7DAB1CBE76C800C2D50C /* ConfigViewController.swift */; };
		25DC0C1B1CABFB2600F0661F /* AppDelegate.swift in Sources */ = {isa = PBXBuildFile; fileRef = 25DC0C1A1CABFB2600F0661F /* AppDelegate.swift */; };
		25DC0C1D1CABFB2600F0661F /* art.scnassets in Resources */ = {isa = PBXBuildFile; fileRef = 25DC0C1C1CABFB2600F0661F /* art.scnassets */; };
		25DC0C1F1CABFB2600F0661F /* VRGameViewController.swift in Sources */ = {isa = PBXBuildFile; fileRef = 25DC0C1E1CABFB2600F0661F /* VRGameViewController.swift */; };
		25DC0C221CABFB2600F0661F /* Main.storyboard in Resources */ = {isa = PBXBuildFile; fileRef = 25DC0C201CABFB2600F0661F /* Main.storyboard */; };
		25DC0C241CABFB2600F0661F /* Assets.xcassets in Resources */ = {isa = PBXBuildFile; fileRef = 25DC0C231CABFB2600F0661F /* Assets.xcassets */; };
		25DC0C271CABFB2600F0661F /* LaunchScreen.storyboard in Resources */ = {isa = PBXBuildFile; fileRef = 25DC0C251CABFB2600F0661F /* LaunchScreen.storyboard */; };
/* End PBXBuildFile section */

/* Begin PBXCopyFilesBuildPhase section */
		2524B6EA1CB29CA0000E3F39 /* Embed Watch Content */ = {
			isa = PBXCopyFilesBuildPhase;
			buildActionMask = 2147483647;
			dstPath = "$(CONTENTS_FOLDER_PATH)/Watch";
			dstSubfolderSpec = 16;
			files = (
			);
			name = "Embed Watch Content";
			runOnlyForDeploymentPostprocessing = 0;
		};
/* End PBXCopyFilesBuildPhase section */

/* Begin PBXFileReference section */
		258E7DA31CBD334A00C2D50C /* PongSceneView.swift */ = {isa = PBXFileReference; fileEncoding = 4; lastKnownFileType = sourcecode.swift; path = PongSceneView.swift; sourceTree = "<group>"; };
		258E7DA51CBD39A300C2D50C /* AngleUtils.swift */ = {isa = PBXFileReference; fileEncoding = 4; lastKnownFileType = sourcecode.swift; path = AngleUtils.swift; sourceTree = "<group>"; };
		258E7DA71CBE6C7200C2D50C /* MenuViewController.swift */ = {isa = PBXFileReference; fileEncoding = 4; lastKnownFileType = sourcecode.swift; path = MenuViewController.swift; sourceTree = "<group>"; };
		258E7DA91CBE6D3C00C2D50C /* Configuration.swift */ = {isa = PBXFileReference; fileEncoding = 4; lastKnownFileType = sourcecode.swift; path = Configuration.swift; sourceTree = "<group>"; };
		258E7DAB1CBE76C800C2D50C /* ConfigViewController.swift */ = {isa = PBXFileReference; fileEncoding = 4; lastKnownFileType = sourcecode.swift; path = ConfigViewController.swift; sourceTree = "<group>"; };
		25DC0C171CABFB2600F0661F /* WatchPong.app */ = {isa = PBXFileReference; explicitFileType = wrapper.application; includeInIndex = 0; path = WatchPong.app; sourceTree = BUILT_PRODUCTS_DIR; };
		25DC0C1A1CABFB2600F0661F /* AppDelegate.swift */ = {isa = PBXFileReference; lastKnownFileType = sourcecode.swift; path = AppDelegate.swift; sourceTree = "<group>"; };
		25DC0C1C1CABFB2600F0661F /* art.scnassets */ = {isa = PBXFileReference; lastKnownFileType = wrapper.scnassets; path = art.scnassets; sourceTree = "<group>"; };
		25DC0C1E1CABFB2600F0661F /* VRGameViewController.swift */ = {isa = PBXFileReference; lastKnownFileType = sourcecode.swift; path = VRGameViewController.swift; sourceTree = "<group>"; };
		25DC0C211CABFB2600F0661F /* Base */ = {isa = PBXFileReference; lastKnownFileType = file.storyboard; name = Base; path = Base.lproj/Main.storyboard; sourceTree = "<group>"; };
		25DC0C231CABFB2600F0661F /* Assets.xcassets */ = {isa = PBXFileReference; lastKnownFileType = folder.assetcatalog; path = Assets.xcassets; sourceTree = "<group>"; };
		25DC0C261CABFB2600F0661F /* Base */ = {isa = PBXFileReference; lastKnownFileType = file.storyboard; name = Base; path = Base.lproj/LaunchScreen.storyboard; sourceTree = "<group>"; };
		25DC0C281CABFB2600F0661F /* Info.plist */ = {isa = PBXFileReference; lastKnownFileType = text.plist.xml; path = Info.plist; sourceTree = "<group>"; };
/* End PBXFileReference section */

/* Begin PBXFrameworksBuildPhase section */
		25DC0C141CABFB2600F0661F /* Frameworks */ = {
			isa = PBXFrameworksBuildPhase;
			buildActionMask = 2147483647;
			files = (
			);
			runOnlyForDeploymentPostprocessing = 0;
		};
/* End PBXFrameworksBuildPhase section */

/* Begin PBXGroup section */
		25DC0C0E1CABFB2600F0661F = {
			isa = PBXGroup;
			children = (
				25DC0C191CABFB2600F0661F /* WatchPong */,
				25DC0C181CABFB2600F0661F /* Products */,
			);
			sourceTree = "<group>";
		};
		25DC0C181CABFB2600F0661F /* Products */ = {
			isa = PBXGroup;
			children = (
				25DC0C171CABFB2600F0661F /* WatchPong.app */,
			);
			name = Products;
			sourceTree = "<group>";
		};
		25DC0C191CABFB2600F0661F /* WatchPong */ = {
			isa = PBXGroup;
			children = (
				25DC0C1A1CABFB2600F0661F /* AppDelegate.swift */,
				25DC0C1C1CABFB2600F0661F /* art.scnassets */,
				25DC0C1E1CABFB2600F0661F /* VRGameViewController.swift */,
				258E7DA31CBD334A00C2D50C /* PongSceneView.swift */,
				25DC0C201CABFB2600F0661F /* Main.storyboard */,
				25DC0C231CABFB2600F0661F /* Assets.xcassets */,
				25DC0C251CABFB2600F0661F /* LaunchScreen.storyboard */,
				25DC0C281CABFB2600F0661F /* Info.plist */,
				258E7DA51CBD39A300C2D50C /* AngleUtils.swift */,
				258E7DA71CBE6C7200C2D50C /* MenuViewController.swift */,
				258E7DA91CBE6D3C00C2D50C /* Configuration.swift */,
				258E7DAB1CBE76C800C2D50C /* ConfigViewController.swift */,
			);
			path = WatchPong;
			sourceTree = "<group>";
		};
/* End PBXGroup section */

/* Begin PBXNativeTarget section */
		25DC0C161CABFB2600F0661F /* WatchPong */ = {
			isa = PBXNativeTarget;
			buildConfigurationList = 25DC0C2B1CABFB2600F0661F /* Build configuration list for PBXNativeTarget "WatchPong" */;
			buildPhases = (
				25DC0C131CABFB2600F0661F /* Sources */,
				25DC0C141CABFB2600F0661F /* Frameworks */,
				25DC0C151CABFB2600F0661F /* Resources */,
				2524B6EA1CB29CA0000E3F39 /* Embed Watch Content */,
			);
			buildRules = (
			);
			dependencies = (
			);
			name = WatchPong;
			productName = WatchPong;
			productReference = 25DC0C171CABFB2600F0661F /* WatchPong.app */;
			productType = "com.apple.product-type.application";
		};
/* End PBXNativeTarget section */

/* Begin PBXProject section */
		25DC0C0F1CABFB2600F0661F /* Project object */ = {
			isa = PBXProject;
			attributes = {
				LastSwiftUpdateCheck = 0730;
				LastUpgradeCheck = 0730;
				ORGANIZATIONNAME = "Hamilton Santos";
				TargetAttributes = {
					25DC0C161CABFB2600F0661F = {
						CreatedOnToolsVersion = 7.3;
						DevelopmentTeam = 28CU5YV2B9;
					};
				};
			};
			buildConfigurationList = 25DC0C121CABFB2600F0661F /* Build configuration list for PBXProject "WatchPong" */;
			compatibilityVersion = "Xcode 3.2";
			developmentRegion = English;
			hasScannedForEncodings = 0;
			knownRegions = (
				en,
				Base,
			);
			mainGroup = 25DC0C0E1CABFB2600F0661F;
			productRefGroup = 25DC0C181CABFB2600F0661F /* Products */;
			projectDirPath = "";
			projectRoot = "";
			targets = (
				25DC0C161CABFB2600F0661F /* WatchPong */,
			);
		};
/* End PBXProject section */

/* Begin PBXResourcesBuildPhase section */
		25DC0C151CABFB2600F0661F /* Resources */ = {
			isa = PBXResourcesBuildPhase;
			buildActionMask = 2147483647;
			files = (
				25DC0C1D1CABFB2600F0661F /* art.scnassets in Resources */,
				25DC0C271CABFB2600F0661F /* LaunchScreen.storyboard in Resources */,
				25DC0C241CABFB2600F0661F /* Assets.xcassets in Resources */,
				25DC0C221CABFB2600F0661F /* Main.storyboard in Resources */,
			);
			runOnlyForDeploymentPostprocessing = 0;
		};
/* End PBXResourcesBuildPhase section */

/* Begin PBXSourcesBuildPhase section */
		25DC0C131CABFB2600F0661F /* Sources */ = {
			isa = PBXSourcesBuildPhase;
			buildActionMask = 2147483647;
			files = (
				258E7DAA1CBE6D3C00C2D50C /* Configuration.swift in Sources */,
				25DC0C1F1CABFB2600F0661F /* VRGameViewController.swift in Sources */,
				258E7DA81CBE6C7200C2D50C /* MenuViewController.swift in Sources */,
				25DC0C1B1CABFB2600F0661F /* AppDelegate.swift in Sources */,
				258E7DAC1CBE76C900C2D50C /* ConfigViewController.swift in Sources */,
				258E7DA41CBD334A00C2D50C /* PongSceneView.swift in Sources */,
				258E7DA61CBD39A300C2D50C /* AngleUtils.swift in Sources */,
			);
			runOnlyForDeploymentPostprocessing = 0;
		};
/* End PBXSourcesBuildPhase section */

/* Begin PBXVariantGroup section */
		25DC0C201CABFB2600F0661F /* Main.storyboard */ = {
			isa = PBXVariantGroup;
			children = (
				25DC0C211CABFB2600F0661F /* Base */,
			);
			name = Main.storyboard;
			sourceTree = "<group>";
		};
		25DC0C251CABFB2600F0661F /* LaunchScreen.storyboard */ = {
			isa = PBXVariantGroup;
			children = (
				25DC0C261CABFB2600F0661F /* Base */,
			);
			name = LaunchScreen.storyboard;
			sourceTree = "<group>";
		};
/* End PBXVariantGroup section */

/* Begin XCBuildConfiguration section */
		25DC0C291CABFB2600F0661F /* Debug */ = {
			isa = XCBuildConfiguration;
			buildSettings = {
				ALWAYS_SEARCH_USER_PATHS = NO;
				CLANG_ANALYZER_NONNULL = YES;
				CLANG_CXX_LANGUAGE_STANDARD = "gnu++0x";
				CLANG_CXX_LIBRARY = "libc++";
				CLANG_ENABLE_MODULES = YES;
				CLANG_ENABLE_OBJC_ARC = YES;
				CLANG_WARN_BOOL_CONVERSION = YES;
				CLANG_WARN_CONSTANT_CONVERSION = YES;
				CLANG_WARN_DIRECT_OBJC_ISA_USAGE = YES_ERROR;
				CLANG_WARN_EMPTY_BODY = YES;
				CLANG_WARN_ENUM_CONVERSION = YES;
				CLANG_WARN_INT_CONVERSION = YES;
				CLANG_WARN_OBJC_ROOT_CLASS = YES_ERROR;
				CLANG_WARN_UNREACHABLE_CODE = YES;
				CLANG_WARN__DUPLICATE_METHOD_MATCH = YES;
				"CODE_SIGN_IDENTITY[sdk=iphoneos*]" = "iPhone Developer";
				COPY_PHASE_STRIP = NO;
				DEBUG_INFORMATION_FORMAT = "dwarf-with-dsym";
				ENABLE_STRICT_OBJC_MSGSEND = YES;
				ENABLE_TESTABILITY = YES;
				GCC_C_LANGUAGE_STANDARD = gnu99;
				GCC_DYNAMIC_NO_PIC = NO;
				GCC_NO_COMMON_BLOCKS = YES;
				GCC_OPTIMIZATION_LEVEL = 0;
				GCC_PREPROCESSOR_DEFINITIONS = (
					"DEBUG=1",
					"$(inherited)",
				);
				GCC_WARN_64_TO_32_BIT_CONVERSION = YES;
				GCC_WARN_ABOUT_RETURN_TYPE = YES_ERROR;
				GCC_WARN_UNDECLARED_SELECTOR = YES;
				GCC_WARN_UNINITIALIZED_AUTOS = YES_AGGRESSIVE;
				GCC_WARN_UNUSED_FUNCTION = YES;
				GCC_WARN_UNUSED_VARIABLE = YES;
				IPHONEOS_DEPLOYMENT_TARGET = 9.3;
				MTL_ENABLE_DEBUG_INFO = YES;
				ONLY_ACTIVE_ARCH = YES;
				SDKROOT = iphoneos;
				SWIFT_OPTIMIZATION_LEVEL = "-Onone";
			};
			name = Debug;
		};
		25DC0C2A1CABFB2600F0661F /* Release */ = {
			isa = XCBuildConfiguration;
			buildSettings = {
				ALWAYS_SEARCH_USER_PATHS = NO;
				CLANG_ANALYZER_NONNULL = YES;
				CLANG_CXX_LANGUAGE_STANDARD = "gnu++0x";
				CLANG_CXX_LIBRARY = "libc++";
				CLANG_ENABLE_MODULES = YES;
				CLANG_ENABLE_OBJC_ARC = YES;
				CLANG_WARN_BOOL_CONVERSION = YES;
				CLANG_WARN_CONSTANT_CONVERSION = YES;
				CLANG_WARN_DIRECT_OBJC_ISA_USAGE = YES_ERROR;
				CLANG_WARN_EMPTY_BODY = YES;
				CLANG_WARN_ENUM_CONVERSION = YES;
				CLANG_WARN_INT_CONVERSION = YES;
				CLANG_WARN_OBJC_ROOT_CLASS = YES_ERROR;
				CLANG_WARN_UNREACHABLE_CODE = YES;
				CLANG_WARN__DUPLICATE_METHOD_MATCH = YES;
				"CODE_SIGN_IDENTITY[sdk=iphoneos*]" = "iPhone Developer";
				COPY_PHASE_STRIP = NO;
				DEBUG_INFORMATION_FORMAT = "dwarf-with-dsym";
				ENABLE_NS_ASSERTIONS = NO;
				ENABLE_STRICT_OBJC_MSGSEND = YES;
				GCC_C_LANGUAGE_STANDARD = gnu99;
				GCC_NO_COMMON_BLOCKS = YES;
				GCC_WARN_64_TO_32_BIT_CONVERSION = YES;
				GCC_WARN_ABOUT_RETURN_TYPE = YES_ERROR;
				GCC_WARN_UNDECLARED_SELECTOR = YES;
				GCC_WARN_UNINITIALIZED_AUTOS = YES_AGGRESSIVE;
				GCC_WARN_UNUSED_FUNCTION = YES;
				GCC_WARN_UNUSED_VARIABLE = YES;
				IPHONEOS_DEPLOYMENT_TARGET = 9.3;
				MTL_ENABLE_DEBUG_INFO = NO;
				SDKROOT = iphoneos;
				VALIDATE_PRODUCT = YES;
			};
			name = Release;
		};
		25DC0C2C1CABFB2600F0661F /* Debug */ = {
			isa = XCBuildConfiguration;
			buildSettings = {
				ASSETCATALOG_COMPILER_APPICON_NAME = AppIcon;
				CODE_SIGN_IDENTITY = "iPhone Developer";
				"CODE_SIGN_IDENTITY[sdk=iphoneos*]" = "iPhone Developer";
				INFOPLIST_FILE = WatchPong/Info.plist;
				LD_RUNPATH_SEARCH_PATHS = "$(inherited) @executable_path/Frameworks";
				PRODUCT_BUNDLE_IDENTIFIER = com.hamiltonsantos.WatchPongTest;
				PRODUCT_NAME = "$(TARGET_NAME)";
				PROVISIONING_PROFILE = "";
			};
			name = Debug;
		};
		25DC0C2D1CABFB2600F0661F /* Release */ = {
			isa = XCBuildConfiguration;
			buildSettings = {
				ASSETCATALOG_COMPILER_APPICON_NAME = AppIcon;
				CODE_SIGN_IDENTITY = "iPhone Developer";
				"CODE_SIGN_IDENTITY[sdk=iphoneos*]" = "iPhone Developer";
				INFOPLIST_FILE = WatchPong/Info.plist;
				LD_RUNPATH_SEARCH_PATHS = "$(inherited) @executable_path/Frameworks";
				PRODUCT_BUNDLE_IDENTIFIER = com.hamiltonsantos.WatchPongTest;
				PRODUCT_NAME = "$(TARGET_NAME)";
				PROVISIONING_PROFILE = "";
			};
			name = Release;
		};
/* End XCBuildConfiguration section */

/* Begin XCConfigurationList section */
		25DC0C121CABFB2600F0661F /* Build configuration list for PBXProject "WatchPong" */ = {
			isa = XCConfigurationList;
			buildConfigurations = (
				25DC0C291CABFB2600F0661F /* Debug */,
				25DC0C2A1CABFB2600F0661F /* Release */,
			);
			defaultConfigurationIsVisible = 0;
			defaultConfigurationName = Release;
		};
		25DC0C2B1CABFB2600F0661F /* Build configuration list for PBXNativeTarget "WatchPong" */ = {
			isa = XCConfigurationList;
			buildConfigurations = (
				25DC0C2C1CABFB2600F0661F /* Debug */,
				25DC0C2D1CABFB2600F0661F /* Release */,
			);
			defaultConfigurationIsVisible = 0;
			defaultConfigurationName = Release;
		};
/* End XCConfigurationList section */
	};
	rootObject = 25DC0C0F1CABFB2600F0661F /* Project object */;
}
